
Microsoft Visual Studio Solution File, Format Version 12.00
# Visual Studio 15
VisualStudioVersion = 15.0.27130.2027
MinimumVisualStudioVersion = 10.0.40219.1
Project("{FAE04EC0-301F-11D3-BF4B-00C04F79EFBC}") = "mvc-test-api", "mvc-test-api\mvc-test-api.csproj", "{866BE50F-E11F-4A57-8BC0-7B6D25E7046A}"
EndProject
Project("{FAE04EC0-301F-11D3-BF4B-00C04F79EFBC}") = "mvc-test-api.Tests", "mvc-test-api.Tests\mvc-test-api.Tests.csproj", "{B9E1B689-9ED5-4FFA-AA9B-7B1A62A891E1}"
EndProject
Global
	GlobalSection(SolutionConfigurationPlatforms) = preSolution
		Debug|Any CPU = Debug|Any CPU
		Release|Any CPU = Release|Any CPU
	EndGlobalSection
	GlobalSection(ProjectConfigurationPlatforms) = postSolution
		{866BE50F-E11F-4A57-8BC0-7B6D25E7046A}.Debug|Any CPU.ActiveCfg = Debug|Any CPU
		{866BE50F-E11F-4A57-8BC0-7B6D25E7046A}.Debug|Any CPU.Build.0 = Debug|Any CPU
		{866BE50F-E11F-4A57-8BC0-7B6D25E7046A}.Release|Any CPU.ActiveCfg = Release|Any CPU
		{866BE50F-E11F-4A57-8BC0-7B6D25E7046A}.Release|Any CPU.Build.0 = Release|Any CPU
		{B9E1B689-9ED5-4FFA-AA9B-7B1A62A891E1}.Debug|Any CPU.ActiveCfg = Debug|Any CPU
		{B9E1B689-9ED5-4FFA-AA9B-7B1A62A891E1}.Debug|Any CPU.Build.0 = Debug|Any CPU
		{B9E1B689-9ED5-4FFA-AA9B-7B1A62A891E1}.Release|Any CPU.ActiveCfg = Release|Any CPU
		{B9E1B689-9ED5-4FFA-AA9B-7B1A62A891E1}.Release|Any CPU.Build.0 = Release|Any CPU
	EndGlobalSection
	GlobalSection(SolutionProperties) = preSolution
		HideSolutionNode = FALSE
	EndGlobalSection
	GlobalSection(ExtensibilityGlobals) = postSolution
		SolutionGuid = {63CAF9CE-2728-43BD-ACB1-03022BB83341}
	EndGlobalSection
EndGlobal
